
Microsoft Visual Studio Solution File, Format Version 12.00
# Visual Studio 15
VisualStudioVersion = 15.0.26730.15
MinimumVisualStudioVersion = 10.0.40219.1
Project("{FAE04EC0-301F-11D3-BF4B-00C04F79EFBC}") = "industrial-rebase", "industrial-rebase\industrial-rebase.csproj", "{771E3538-D002-4830-9093-0111E814AE40}"
EndProject
Global
	GlobalSection(SolutionConfigurationPlatforms) = preSolution
		Debug|Any CPU = Debug|Any CPU
		Release|Any CPU = Release|Any CPU
	EndGlobalSection
	GlobalSection(ProjectConfigurationPlatforms) = postSolution
		{771E3538-D002-4830-9093-0111E814AE40}.Debug|Any CPU.ActiveCfg = Debug|Any CPU
		{771E3538-D002-4830-9093-0111E814AE40}.Debug|Any CPU.Build.0 = Debug|Any CPU
		{771E3538-D002-4830-9093-0111E814AE40}.Release|Any CPU.ActiveCfg = Release|Any CPU
		{771E3538-D002-4830-9093-0111E814AE40}.Release|Any CPU.Build.0 = Release|Any CPU
	EndGlobalSection
	GlobalSection(SolutionProperties) = preSolution
		HideSolutionNode = FALSE
	EndGlobalSection
	GlobalSection(ExtensibilityGlobals) = postSolution
		SolutionGuid = {20FDB3A0-C6A4-44AB-85BA-1DDCAF003E60}
	EndGlobalSection
EndGlobal
